PODS:
  - FlexLayout (2.0.07)
  - PinLayout (1.10.5)
  - RxCocoa (6.6.0):
    - RxRelay (= 6.6.0)
    - RxSwift (= 6.6.0)
  - RxRelay (6.6.0):
    - RxSwift (= 6.6.0)
  - RxSwift (6.6.0)

DEPENDENCIES:
  - FlexLayout
  - PinLayout
  - RxCocoa
  - RxSwift

SPEC REPOS:
  trunk:
    - FlexLayout
    - PinLayout
    - RxCocoa
    - RxRelay
    - RxSwift

SPEC CHECKSUMS:
  FlexLayout: a1facfeac0e0b397a74cfb1d83d1ba93b98f7c52
  PinLayout: f6c2b63a5a5b24864064e1d15c67de41b4e74748
  RxCocoa: 44a80de90e25b739b5aeaae3c8c371a32e3343cc
  RxRelay: 45eaa5db8ee4fb50e5ebd57deec0159e97fa51e6
  RxSwift: a4b44f7d24599f674deebd1818eab82e58410632

PODFILE CHECKSUM: 2d8ac59935eda20b2230ae37074bc60c85cea7ef

COCOAPODS: 1.14.3
